
Microsoft Visual Studio Solution File, Format Version 12.00
# Visual Studio Version 17
VisualStudioVersion = 17.10.35122.118
MinimumVisualStudioVersion = 10.0.40219.1
Project("{FAE04EC0-301F-11D3-BF4B-00C04F79EFBC}") = "TeleBerço", "TeleBerço.csproj", "{CDB22B5F-D36F-40A8-9B0F-6FED0784676E}"
EndProject
Global
	GlobalSection(SolutionConfigurationPlatforms) = preSolution
		Debug|Any CPU = Debug|Any CPU
		Release|Any CPU = Release|Any CPU
	EndGlobalSection
	GlobalSection(ProjectConfigurationPlatforms) = postSolution
		{CDB22B5F-D36F-40A8-9B0F-6FED0784676E}.Debug|Any CPU.ActiveCfg = Debug|Any CPU
		{CDB22B5F-D36F-40A8-9B0F-6FED0784676E}.Debug|Any CPU.Build.0 = Debug|Any CPU
		{CDB22B5F-D36F-40A8-9B0F-6FED0784676E}.Release|Any CPU.ActiveCfg = Release|Any CPU
		{CDB22B5F-D36F-40A8-9B0F-6FED0784676E}.Release|Any CPU.Build.0 = Release|Any CPU
	EndGlobalSection
	GlobalSection(SolutionProperties) = preSolution
		HideSolutionNode = FALSE
	EndGlobalSection
	GlobalSection(ExtensibilityGlobals) = postSolution
		SolutionGuid = {DA66F56C-AD97-480D-93BA-19847F784AA4}
	EndGlobalSection
EndGlobal
